Microsoft Visual Studio Solution File, Format Version 12.00
# Visual Studio Version 17
VisualStudioVersion = 17.5.2.0
MinimumVisualStudioVersion = 10.0.40219.1
Project("{FAE04EC0-301F-11D3-BF4B-00C04F79EFBC}") = "ProjectManagementTool.Domain", "ProjectManagementTool.Domain.csproj", "{EED450CD-4300-7D79-B4F3-7E9D75667F6A}"
EndProject
Global
	GlobalSection(SolutionConfigurationPlatforms) = preSolution
		Debug|Any CPU = Debug|Any CPU
		Release|Any CPU = Release|Any CPU
	EndGlobalSection
	GlobalSection(ProjectConfigurationPlatforms) = postSolution
		{EED450CD-4300-7D79-B4F3-7E9D75667F6A}.Debug|Any CPU.ActiveCfg = Debug|Any CPU
		{EED450CD-4300-7D79-B4F3-7E9D75667F6A}.Debug|Any CPU.Build.0 = Debug|Any CPU
		{EED450CD-4300-7D79-B4F3-7E9D75667F6A}.Release|Any CPU.ActiveCfg = Release|Any CPU
		{EED450CD-4300-7D79-B4F3-7E9D75667F6A}.Release|Any CPU.Build.0 = Release|Any CPU
	EndGlobalSection
	GlobalSection(SolutionProperties) = preSolution
		HideSolutionNode = FALSE
	EndGlobalSection
	GlobalSection(ExtensibilityGlobals) = postSolution
		SolutionGuid = {AEAB4B94-C9F7-4C04-BE0A-6695E47F700E}
	EndGlobalSection
EndGlobal
